
Microsoft Visual Studio Solution File, Format Version 12.00
# Visual Studio 15
Project("{FAE04EC0-301F-11D3-BF4B-00C04F79EFBC}") = "projecten3-1920-backend-klim03", "projecten3-1920-backend-klim03.csproj", "{097DAC80-8916-4F21-B1D0-B755ABB51509}"
EndProject
Global
	GlobalSection(SolutionConfigurationPlatforms) = preSolution
		Debug|Any CPU = Debug|Any CPU
		Release|Any CPU = Release|Any CPU
	EndGlobalSection
	GlobalSection(ProjectConfigurationPlatforms) = postSolution
		{097DAC80-8916-4F21-B1D0-B755ABB51509}.Debug|Any CPU.ActiveCfg = Debug|Any CPU
		{097DAC80-8916-4F21-B1D0-B755ABB51509}.Debug|Any CPU.Build.0 = Debug|Any CPU
		{097DAC80-8916-4F21-B1D0-B755ABB51509}.Release|Any CPU.ActiveCfg = Release|Any CPU
		{097DAC80-8916-4F21-B1D0-B755ABB51509}.Release|Any CPU.Build.0 = Release|Any CPU
	EndGlobalSection
EndGlobal
